
Microsoft Visual Studio Solution File, Format Version 12.00
# Visual Studio Version 16
VisualStudioVersion = 16.0.31019.35
MinimumVisualStudioVersion = 10.0.40219.1
Project("{FAE04EC0-301F-11D3-BF4B-00C04F79EFBC}") = "grafik_cizdirme", "grafik_cizdirme\grafik_cizdirme.csproj", "{0216BE65-5601-4688-A4F2-722D08A84717}"
EndProject
Global
	GlobalSection(SolutionConfigurationPlatforms) = preSolution
		Debug|Any CPU = Debug|Any CPU
		Release|Any CPU = Release|Any CPU
	EndGlobalSection
	GlobalSection(ProjectConfigurationPlatforms) = postSolution
		{0216BE65-5601-4688-A4F2-722D08A84717}.Debug|Any CPU.ActiveCfg = Debug|Any CPU
		{0216BE65-5601-4688-A4F2-722D08A84717}.Debug|Any CPU.Build.0 = Debug|Any CPU
		{0216BE65-5601-4688-A4F2-722D08A84717}.Release|Any CPU.ActiveCfg = Release|Any CPU
		{0216BE65-5601-4688-A4F2-722D08A84717}.Release|Any CPU.Build.0 = Release|Any CPU
	EndGlobalSection
	GlobalSection(SolutionProperties) = preSolution
		HideSolutionNode = FALSE
	EndGlobalSection
	GlobalSection(ExtensibilityGlobals) = postSolution
		SolutionGuid = {ADA6EA02-61A9-4A6B-B028-56B4C32D8ED4}
	EndGlobalSection
EndGlobal
